
Microsoft Visual Studio Solution File, Format Version 12.00
# Visual Studio Version 17
VisualStudioVersion = 17.10.35013.160
MinimumVisualStudioVersion = 10.0.40219.1
Project("{9A19103F-16F7-4668-BE54-9A1E7A4F7556}") = "HK.BlazorWasmStarter", "HK.BlazorWasmStarter\HK.BlazorWasmStarter.csproj", "{82E452E5-6316-47A9-82C8-1EFE0B5D6A9A}"
EndProject
Global
	GlobalSection(SolutionConfigurationPlatforms) = preSolution
		Debug|Any CPU = Debug|Any CPU
		Release|Any CPU = Release|Any CPU
	EndGlobalSection
	GlobalSection(ProjectConfigurationPlatforms) = postSolution
		{82E452E5-6316-47A9-82C8-1EFE0B5D6A9A}.Debug|Any CPU.ActiveCfg = Debug|Any CPU
		{82E452E5-6316-47A9-82C8-1EFE0B5D6A9A}.Debug|Any CPU.Build.0 = Debug|Any CPU
		{82E452E5-6316-47A9-82C8-1EFE0B5D6A9A}.Release|Any CPU.ActiveCfg = Release|Any CPU
		{82E452E5-6316-47A9-82C8-1EFE0B5D6A9A}.Release|Any CPU.Build.0 = Release|Any CPU
	EndGlobalSection
	GlobalSection(SolutionProperties) = preSolution
		HideSolutionNode = FALSE
	EndGlobalSection
	GlobalSection(ExtensibilityGlobals) = postSolution
		SolutionGuid = {6D426774-FBC4-443F-970D-AE102264025A}
	EndGlobalSection
EndGlobal
